<?xml version="1.0" encoding="utf-8"?>
<Project ToolsVersion="4.0" xmlns="http://schemas.microsoft.com/developer/msbuild/2003">
  <ItemGroup>
    <Filter Include="Source Files">
      <UniqueIdentifier>{4FC737F1-C7A5-4376-A066-2A32D752A2FF}</UniqueIdentifier>
      <Extensions>cpp;c;cc;cxx;def;odl;idl;hpj;bat;asm;asmx</Extensions>
    </Filter>
    <Filter Include="Header Files">
      <UniqueIdentifier>{93995380-89BD-4b04-88EB-625FBE52EBFB}</UniqueIdentifier>
      <Extensions>h;hh;hpp;hxx;hm;inl;inc;ipp;xsd</Extensions>
    </Filter>
    <Filter Include="Resource Files">
      <UniqueIdentifier>{67DA6AB6-F800-4c08-8B7A-83BB121AAD01}</UniqueIdentifier>
      <Extensions>rc;ico;cur;bmp;dlg;rc2;rct;bin;rgs;gif;jpg;jpeg;jpe;resx;tiff;tif;png;wav;mfcribbon-ms</Extensions>
    </Filter>
  </ItemGroup>
  <ItemGroup>
    <ClCompile Include="main.cpp">
      <Filter>Source Files</Filter>
    </ClCompile>
    <ClCompile Include="ShaderProgram.cpp">
      <Filter>Source Files</Filter>
    </ClCompile>
    <ClCompile Include="Entity.cpp">
      <Filter>Source Files</Filter>
    </ClCompile>
    <ClCompile Include="helper.cpp">
      <Filter>Source Files</Filter>
    </ClCompile>
    <ClCompile Include="Map.cpp">
      <Filter>Source Files</Filter>
    </ClCompile>
    <ClCompile Include="sprite.cpp">
      <Filter>Source Files</Filter>
    </ClCompile>
    <ClCompile Include="LevelA.cpp">
      <Filter>Source Files</Filter>
    </ClCompile>
    <ClCompile Include="Scene.cpp">
      <Filter>Source Files</Filter>
    </ClCompile>
    <ClCompile Include="Utility.cpp">
      <Filter>Source Files</Filter>
    </ClCompile>
    <ClCompile Include="sceneA.cpp">
      <Filter>Source Files</Filter>
    </ClCompile>
    <ClCompile Include="sceneB.cpp">
      <Filter>Source Files</Filter>
    </ClCompile>
    <ClCompile Include="sceneC.cpp">
      <Filter>Source Files</Filter>
    </ClCompile>
    <ClCompile Include="sceneD.cpp">
      <Filter>Source Files</Filter>
    </ClCompile>
    <ClCompile Include="sceneE.cpp">
      <Filter>Source Files</Filter>
    </ClCompile>
    <ClCompile Include="sceneI.cpp">
      <Filter>Source Files</Filter>
    </ClCompile>
    <ClCompile Include="sceneJ.cpp">
      <Filter>Source Files</Filter>
    </ClCompile>
    <ClCompile Include="sceneF.cpp">
      <Filter>Source Files</Filter>
    </ClCompile>
    <ClCompile Include="sceneG.cpp">
      <Filter>Source Files</Filter>
    </ClCompile>
    <ClCompile Include="sceneH.cpp">
      <Filter>Source Files</Filter>
    </ClCompile>
  </ItemGroup>
  <ItemGroup>
    <ClInclude Include="ShaderProgram.h">
      <Filter>Header Files</Filter>
    </ClInclude>
    <ClInclude Include="Entity.h">
      <Filter>Header Files</Filter>
    </ClInclude>
    <ClInclude Include="Map.h">
      <Filter>Header Files</Filter>
    </ClInclude>
    <ClInclude Include="sprite.hpp">
      <Filter>Header Files</Filter>
    </ClInclude>
    <ClInclude Include="LevelA.h">
      <Filter>Header Files</Filter>
    </ClInclude>
    <ClInclude Include="Scene.h">
      <Filter>Header Files</Filter>
    </ClInclude>
    <ClInclude Include="Utility.h">
      <Filter>Header Files</Filter>
    </ClInclude>
    <ClInclude Include="sceneA.h">
      <Filter>Header Files</Filter>
    </ClInclude>
    <ClInclude Include="sceneB.h">
      <Filter>Header Files</Filter>
    </ClInclude>
    <ClInclude Include="sceneC.h">
      <Filter>Header Files</Filter>
    </ClInclude>
    <ClInclude Include="sceneD.h">
      <Filter>Header Files</Filter>
    </ClInclude>
    <ClInclude Include="sceneE.h">
      <Filter>Header Files</Filter>
    </ClInclude>
    <ClInclude Include="sceneI.h">
      <Filter>Header Files</Filter>
    </ClInclude>
    <ClInclude Include="sceneJ.h">
      <Filter>Header Files</Filter>
    </ClInclude>
    <ClInclude Include="sceneF.h">
      <Filter>Header Files</Filter>
    </ClInclude>
    <ClInclude Include="sceneG.h">
      <Filter>Header Files</Filter>
    </ClInclude>
    <ClInclude Include="sceneH.h">
      <Filter>Header Files</Filter>
    </ClInclude>
  </ItemGroup>
  <ItemGroup>
    <CopyFileToFolders Include="glew32.dll" />
    <CopyFileToFolders Include="SDL2.dll" />
  </ItemGroup>
  <ItemGroup>
    <Media Include="assets\win.mp3">
      <Filter>Source Files</Filter>
    </Media>
  </ItemGroup>
  <ItemGroup>
    <Image Include="assets\geralt.png">
      <Filter>Source Files</Filter>
    </Image>
  </ItemGroup>
</Project>